
Microsoft Visual Studio Solution File, Format Version 12.00
# Visual Studio Version 16
VisualStudioVersion = 16.0.31402.337
MinimumVisualStudioVersion = 10.0.40219.1
Project("{FAE04EC0-301F-11D3-BF4B-00C04F79EFBC}") = "BookStoreAPI1", "BookStoreAPI1\BookStoreAPI1.csproj", "{979A20B5-4CCA-43D4-B08F-530B1189F454}"
EndProject
Project("{FAE04EC0-301F-11D3-BF4B-00C04F79EFBC}") = "Bookstore.Data", "Bookstore.Data\Bookstore.Data.csproj", "{C7FA1B4E-1572-44CF-A568-D8677BBEBA74}"
EndProject
Global
	GlobalSection(SolutionConfigurationPlatforms) = preSolution
		Debug|Any CPU = Debug|Any CPU
		Release|Any CPU = Release|Any CPU
	EndGlobalSection
	GlobalSection(ProjectConfigurationPlatforms) = postSolution
		{979A20B5-4CCA-43D4-B08F-530B1189F454}.Debug|Any CPU.ActiveCfg = Debug|Any CPU
		{979A20B5-4CCA-43D4-B08F-530B1189F454}.Debug|Any CPU.Build.0 = Debug|Any CPU
		{979A20B5-4CCA-43D4-B08F-530B1189F454}.Release|Any CPU.ActiveCfg = Release|Any CPU
		{979A20B5-4CCA-43D4-B08F-530B1189F454}.Release|Any CPU.Build.0 = Release|Any CPU
		{C7FA1B4E-1572-44CF-A568-D8677BBEBA74}.Debug|Any CPU.ActiveCfg = Debug|Any CPU
		{C7FA1B4E-1572-44CF-A568-D8677BBEBA74}.Debug|Any CPU.Build.0 = Debug|Any CPU
		{C7FA1B4E-1572-44CF-A568-D8677BBEBA74}.Release|Any CPU.ActiveCfg = Release|Any CPU
		{C7FA1B4E-1572-44CF-A568-D8677BBEBA74}.Release|Any CPU.Build.0 = Release|Any CPU
	EndGlobalSection
	GlobalSection(SolutionProperties) = preSolution
		HideSolutionNode = FALSE
	EndGlobalSection
	GlobalSection(ExtensibilityGlobals) = postSolution
		SolutionGuid = {ADB049CE-DCEE-4EC4-A39A-A95E5A37D06D}
	EndGlobalSection
EndGlobal
